
Microsoft Visual Studio Solution File, Format Version 10.00
# Visual Studio 2008
Project("{8BC9CEB8-8B4A-11D0-8D11-00A0C91BC942}") = "T24Res2013Rules", "T24Res2013Rules.vcproj", "{EC3F4C10-9B50-4900-B220-B2BEE6708627}"
EndProject
Project("{8BC9CEB8-8B4A-11D0-8D11-00A0C91BC942}") = "T24Res2016Rules", "T24Res2016Rules.vcproj", "{600885E9-0401-47C3-8BD5-942AF5B9F58C}"
EndProject
Global
	GlobalSection(SolutionConfigurationPlatforms) = preSolution
		Release|Win32 = Release|Win32
	EndGlobalSection
	GlobalSection(ProjectConfigurationPlatforms) = postSolution
		{EC3F4C10-9B50-4900-B220-B2BEE6708627}.Release|Win32.ActiveCfg = Release|Win32
		{EC3F4C10-9B50-4900-B220-B2BEE6708627}.Release|Win32.Build.0 = Release|Win32
		{600885E9-0401-47C3-8BD5-942AF5B9F58C}.Release|Win32.ActiveCfg = Release|Win32
		{600885E9-0401-47C3-8BD5-942AF5B9F58C}.Release|Win32.Build.0 = Release|Win32
	EndGlobalSection
	GlobalSection(SolutionProperties) = preSolution
		HideSolutionNode = FALSE
	EndGlobalSection
EndGlobal
